{
  "pins" : [
    {
      "identity" : "lazylayout",
      "kind" : "remoteSourceControl",
      "location" : "https://github.com/lvnkmn/LazyLayout",
      "state" : {
        "revision" : "bee6989b478a7434b630807ee35ccf0909c3e83f",
        "version" : "0.0.3"
      }
    },
    {
      "identity" : "sourceseeds",
      "kind" : "remoteSourceControl",
      "location" : "https://github.com/lvnkmn/SourceSeeds",
      "state" : {
        "revision" : "27c567fb30b39e7b79725b4a50cb094b9e33abb0",
        "version" : "0.0.1"
      }
    }
  ],
  "version" : 2
}
