{
  "pins" : [
    {
      "identity" : "lazylayout",
      "kind" : "remoteSourceControl",
      "location" : "https://github.com/lvnkmn/LazyLayout",
      "state" : {
        "revision" : "3e5e432fda5388c7dfa0edba296fea69e6364377",
        "version" : "0.0.5"
      }
    },
    {
      "identity" : "sourceseeds",
      "kind" : "remoteSourceControl",
      "location" : "https://github.com/lvnkmn/SourceSeeds",
      "state" : {
        "revision" : "e504ecfee4e244fe0d08ab2a814cb2358adf842b",
        "version" : "0.0.14"
      }
    }
  ],
  "version" : 2
}
