{
  "pins" : [
    {
      "identity" : "lazylayout",
      "kind" : "remoteSourceControl",
      "location" : "git@github.com:lvnkmn/LazyLayout",
      "state" : {
        "revision" : "d4dfdd10fd9780169b8c4b35475bb72b97ac5658",
        "version" : "1.0.0"
      }
    },
    {
      "identity" : "sourceseeds",
      "kind" : "remoteSourceControl",
      "location" : "git@github.com:lvnkmn/SourceSeeds",
      "state" : {
        "revision" : "11a4df040c2803acd70f0d19ef221c64df61d277",
        "version" : "1.0.1"
      }
    }
  ],
  "version" : 2
}
